
Microsoft Visual Studio Solution File, Format Version 12.00
# Visual Studio Version 16
VisualStudioVersion = 16.0.31613.86
MinimumVisualStudioVersion = 10.0.40219.1
Project("{FAE04EC0-301F-11D3-BF4B-00C04F79EFBC}") = "DelegatesExample", "DelegatesExample.csproj", "{042F7885-0108-4B96-8DC9-B5E336CAA887}"
EndProject
Global
	GlobalSection(SolutionConfigurationPlatforms) = preSolution
		Debug|Any CPU = Debug|Any CPU
		Release|Any CPU = Release|Any CPU
	EndGlobalSection
	GlobalSection(ProjectConfigurationPlatforms) = postSolution
		{042F7885-0108-4B96-8DC9-B5E336CAA887}.Debug|Any CPU.ActiveCfg = Debug|Any CPU
		{042F7885-0108-4B96-8DC9-B5E336CAA887}.Debug|Any CPU.Build.0 = Debug|Any CPU
		{042F7885-0108-4B96-8DC9-B5E336CAA887}.Release|Any CPU.ActiveCfg = Release|Any CPU
		{042F7885-0108-4B96-8DC9-B5E336CAA887}.Release|Any CPU.Build.0 = Release|Any CPU
	EndGlobalSection
	GlobalSection(SolutionProperties) = preSolution
		HideSolutionNode = FALSE
	EndGlobalSection
	GlobalSection(ExtensibilityGlobals) = postSolution
		SolutionGuid = {B81B2D1E-5F94-49D9-B903-9FF91E4736A7}
	EndGlobalSection
EndGlobal
